<?xml version="1.0" encoding="utf-8"?>
<Project ToolsVersion="4.0" xmlns="http://schemas.microsoft.com/developer/msbuild/2003">
  <ItemGroup>
    <Filter Include="Source Files">
      <UniqueIdentifier>{4FC737F1-C7A5-4376-A066-2A32D752A2FF}</UniqueIdentifier>
      <Extensions>cpp;c;cc;cxx;def;odl;idl;hpj;bat;asm;asmx</Extensions>
    </Filter>
    <Filter Include="Header Files">
      <UniqueIdentifier>{93995380-89BD-4b04-88EB-625FBE52EBFB}</UniqueIdentifier>
      <Extensions>h;hh;hpp;hxx;hm;inl;inc;xsd</Extensions>
    </Filter>
    <Filter Include="Resource Files">
      <UniqueIdentifier>{67DA6AB6-F800-4c08-8B7A-83BB121AAD01}</UniqueIdentifier>
      <Extensions>rc;ico;cur;bmp;dlg;rc2;rct;bin;rgs;gif;jpg;jpeg;jpe;resx;tiff;tif;png;wav;mfcribbon-ms</Extensions>
    </Filter>
  </ItemGroup>
  <ItemGroup>
    <ClCompile Include="Src\main.cpp">
      <Filter>Source Files</Filter>
    </ClCompile>
    <ClCompile Include="Src\Model\Instruction.cpp">
      <Filter>Source Files</Filter>
    </ClCompile>
    <ClCompile Include="Src\Model\OpCode.cpp">
      <Filter>Source Files</Filter>
    </ClCompile>
    <ClCompile Include="Src\stdafx.cpp">
      <Filter>Source Files</Filter>
    </ClCompile>
    <ClCompile Include="Src\Model\Machine.cpp">
      <Filter>Source Files</Filter>
    </ClCompile>
    <ClCompile Include="Src\Service\MachineService.cpp">
      <Filter>Source Files</Filter>
    </ClCompile>
    <ClCompile Include="Src\Service\AssemblyParser.cpp">
      <Filter>Source Files</Filter>
    </ClCompile>
    <ClCompile Include="Src\Service\ProgramParser.cpp">
      <Filter>Source Files</Filter>
    </ClCompile>
    <ClCompile Include="Src\Service\DebugService.cpp">
      <Filter>Source Files</Filter>
    </ClCompile>
    <ClCompile Include="Src\Model\RegisterSet.cpp">
      <Filter>Source Files</Filter>
    </ClCompile>
  </ItemGroup>
  <ItemGroup>
    <ClInclude Include="Src\Model\Register.h">
      <Filter>Header Files</Filter>
    </ClInclude>
    <ClInclude Include="Src\Consts\Configuration.h">
      <Filter>Header Files</Filter>
    </ClInclude>
    <ClInclude Include="Src\Model\Instruction.h">
      <Filter>Header Files</Filter>
    </ClInclude>
    <ClInclude Include="Src\Model\Memory.h">
      <Filter>Header Files</Filter>
    </ClInclude>
    <ClInclude Include="Src\Model\Machine.h">
      <Filter>Header Files</Filter>
    </ClInclude>
    <ClInclude Include="Src\Model\OpCodes.h">
      <Filter>Header Files</Filter>
    </ClInclude>
    <ClInclude Include="Src\stdafx.h">
      <Filter>Header Files</Filter>
    </ClInclude>
    <ClInclude Include="Src\targetver.h">
      <Filter>Header Files</Filter>
    </ClInclude>
    <ClInclude Include="Src\Service\MachineService.h">
      <Filter>Header Files</Filter>
    </ClInclude>
    <ClInclude Include="Src\Service\AssemblyParser.h">
      <Filter>Header Files</Filter>
    </ClInclude>
    <ClInclude Include="Src\Service\DebugService.h">
      <Filter>Header Files</Filter>
    </ClInclude>
    <ClInclude Include="Src\Service\ProgramParser.h">
      <Filter>Header Files</Filter>
    </ClInclude>
    <ClInclude Include="Src\Consts\SimpleMnemonic.h">
      <Filter>Header Files</Filter>
    </ClInclude>
    <ClInclude Include="Src\Model\Breakpoint.h">
      <Filter>Header Files</Filter>
    </ClInclude>
    <ClInclude Include="Src\Model\RegisterSet.h">
      <Filter>Header Files</Filter>
    </ClInclude>
  </ItemGroup>
  <ItemGroup>
    <None Include="Test\TestInput.as" />
  </ItemGroup>
  <ItemGroup>
    <Text Include="Src\test.txt" />
  </ItemGroup>
</Project>